
Microsoft Visual Studio Solution File, Format Version 12.00
# Visual Studio Version 17
VisualStudioVersion = 17.8.34330.188
MinimumVisualStudioVersion = 10.0.40219.1
Project("{9A19103F-16F7-4668-BE54-9A1E7A4F7556}") = "CoinRate", "CoinRate.csproj", "{588A7819-0195-4B6D-A872-8919059AC8EC}"
EndProject
Global
	GlobalSection(SolutionConfigurationPlatforms) = preSolution
		Debug|Any CPU = Debug|Any CPU
		Release|Any CPU = Release|Any CPU
	EndGlobalSection
	GlobalSection(ProjectConfigurationPlatforms) = postSolution
		{588A7819-0195-4B6D-A872-8919059AC8EC}.Debug|Any CPU.ActiveCfg = Debug|Any CPU
		{588A7819-0195-4B6D-A872-8919059AC8EC}.Debug|Any CPU.Build.0 = Debug|Any CPU
		{588A7819-0195-4B6D-A872-8919059AC8EC}.Release|Any CPU.ActiveCfg = Release|Any CPU
		{588A7819-0195-4B6D-A872-8919059AC8EC}.Release|Any CPU.Build.0 = Release|Any CPU
	EndGlobalSection
	GlobalSection(SolutionProperties) = preSolution
		HideSolutionNode = FALSE
	EndGlobalSection
	GlobalSection(ExtensibilityGlobals) = postSolution
		SolutionGuid = {1F058EF3-9503-41BA-9E6E-A3145F41F017}
	EndGlobalSection
EndGlobal
